
Microsoft Visual Studio Solution File, Format Version 12.00
# Visual Studio Version 17
VisualStudioVersion = 17.13.35828.75 d17.13
MinimumVisualStudioVersion = 10.0.40219.1
Project("{FAE04EC0-301F-11D3-BF4B-00C04F79EFBC}") = "HackerNewsBestStoriesApi", "HackerNewsBestStoriesApi\HackerNewsBestStoriesApi.csproj", "{5D8C4F2F-9326-4D18-BC38-2DBDE1AE1530}"
EndProject
Global
	GlobalSection(SolutionConfigurationPlatforms) = preSolution
		Debug|Any CPU = Debug|Any CPU
		Release|Any CPU = Release|Any CPU
	EndGlobalSection
	GlobalSection(ProjectConfigurationPlatforms) = postSolution
		{5D8C4F2F-9326-4D18-BC38-2DBDE1AE1530}.Debug|Any CPU.ActiveCfg = Debug|Any CPU
		{5D8C4F2F-9326-4D18-BC38-2DBDE1AE1530}.Debug|Any CPU.Build.0 = Debug|Any CPU
		{5D8C4F2F-9326-4D18-BC38-2DBDE1AE1530}.Release|Any CPU.ActiveCfg = Release|Any CPU
		{5D8C4F2F-9326-4D18-BC38-2DBDE1AE1530}.Release|Any CPU.Build.0 = Release|Any CPU
	EndGlobalSection
	GlobalSection(SolutionProperties) = preSolution
		HideSolutionNode = FALSE
	EndGlobalSection
	GlobalSection(ExtensibilityGlobals) = postSolution
		SolutionGuid = {D4351EB7-F5B3-412E-8A26-968F5D4B189B}
	EndGlobalSection
EndGlobal
